
Microsoft Visual Studio Solution File, Format Version 12.00
# Visual Studio Version 17
VisualStudioVersion = 17.11.35222.181
MinimumVisualStudioVersion = 10.0.40219.1
Project("{FAE04EC0-301F-11D3-BF4B-00C04F79EFBC}") = "GeneratorsDataProcessor", "GeneratorsDataProcessor\GeneratorsDataProcessor.csproj", "{7D5A0D1F-6C3C-427E-AC54-D418FD688711}"
EndProject
Global
	GlobalSection(SolutionConfigurationPlatforms) = preSolution
		Debug|Any CPU = Debug|Any CPU
		Release|Any CPU = Release|Any CPU
	EndGlobalSection
	GlobalSection(ProjectConfigurationPlatforms) = postSolution
		{7D5A0D1F-6C3C-427E-AC54-D418FD688711}.Debug|Any CPU.ActiveCfg = Debug|Any CPU
		{7D5A0D1F-6C3C-427E-AC54-D418FD688711}.Debug|Any CPU.Build.0 = Debug|Any CPU
		{7D5A0D1F-6C3C-427E-AC54-D418FD688711}.Release|Any CPU.ActiveCfg = Release|Any CPU
		{7D5A0D1F-6C3C-427E-AC54-D418FD688711}.Release|Any CPU.Build.0 = Release|Any CPU
	EndGlobalSection
	GlobalSection(SolutionProperties) = preSolution
		HideSolutionNode = FALSE
	EndGlobalSection
	GlobalSection(ExtensibilityGlobals) = postSolution
		SolutionGuid = {1787E301-85D1-4F7E-A5C6-CBB2040DCD60}
	EndGlobalSection
EndGlobal
